
Microsoft Visual Studio Solution File, Format Version 12.00
# Visual Studio Version 17
VisualStudioVersion = 17.0.31903.59
MinimumVisualStudioVersion = 10.0.40219.1
Project("{2150E333-8FDC-42A3-9474-1A3956D46DE8}") = "wasm", "wasm", "{5D9B1CF7-F769-40F7-BED1-6181A05F198A}"
EndProject
Project("{FAE04EC0-301F-11D3-BF4B-00C04F79EFBC}") = "EngineWasm", "wasm\EngineWasm\EngineWasm.csproj", "{2C560826-9F71-4FB0-825D-CF94D08672B4}"
EndProject
Global
	GlobalSection(SolutionConfigurationPlatforms) = preSolution
		Debug|Any CPU = Debug|Any CPU
		Release|Any CPU = Release|Any CPU
	EndGlobalSection
	GlobalSection(SolutionProperties) = preSolution
		HideSolutionNode = FALSE
	EndGlobalSection
	GlobalSection(ProjectConfigurationPlatforms) = postSolution
		{2C560826-9F71-4FB0-825D-CF94D08672B4}.Debug|Any CPU.ActiveCfg = Debug|Any CPU
		{2C560826-9F71-4FB0-825D-CF94D08672B4}.Debug|Any CPU.Build.0 = Debug|Any CPU
		{2C560826-9F71-4FB0-825D-CF94D08672B4}.Release|Any CPU.ActiveCfg = Release|Any CPU
		{2C560826-9F71-4FB0-825D-CF94D08672B4}.Release|Any CPU.Build.0 = Release|Any CPU
	EndGlobalSection
	GlobalSection(NestedProjects) = preSolution
		{2C560826-9F71-4FB0-825D-CF94D08672B4} = {5D9B1CF7-F769-40F7-BED1-6181A05F198A}
	EndGlobalSection
EndGlobal
